// !$*UTF8*$!
{
	archiveVersion = 1;
	classes = {
	};
	objectVersion = 56;
	objects = {

/* Begin PBXBuildFile section */
		6740866C2BD080D200EF5F40 /* Simply Coinflip Watch App.app in Embed Watch Content */ = {isa = PBXBuildFile; fileRef = 6740866B2BD080D200EF5F40 /* Simply Coinflip Watch App.app */; settings = {ATTRIBUTES = (RemoveHeadersOnCopy, ); }; };
		674086732BD080D200EF5F40 /* ContentView.swift in Sources */ = {isa = PBXBuildFile; fileRef = 674086722BD080D200EF5F40 /* ContentView.swift */; };
		674086782BD080D400EF5F40 /* Preview Assets.xcassets in Resources */ = {isa = PBXBuildFile; fileRef = 674086772BD080D400EF5F40 /* Preview Assets.xcassets */; };
		674086822BD080D400EF5F40 /* Simply_Coinflip_Watch_AppTests.swift in Sources */ = {isa = PBXBuildFile; fileRef = 674086812BD080D400EF5F40 /* Simply_Coinflip_Watch_AppTests.swift */; };
		6740868C2BD080D400EF5F40 /* Simply_Coinflip_Watch_AppUITests.swift in Sources */ = {isa = PBXBuildFile; fileRef = 6740868B2BD080D400EF5F40 /* Simply_Coinflip_Watch_AppUITests.swift */; };
		6740868E2BD080D400EF5F40 /* Simply_Coinflip_Watch_AppUITestsLaunchTests.swift in Sources */ = {isa = PBXBuildFile; fileRef = 6740868D2BD080D400EF5F40 /* Simply_Coinflip_Watch_AppUITestsLaunchTests.swift */; };
		6775AF702BD427CA005BC5B1 /* .gitignore in Resources */ = {isa = PBXBuildFile; fileRef = 6775AF6F2BD427CA005BC5B1 /* .gitignore */; };
		67EBFB0E2C1E473900B42D39 /* Simply_Coinflip_iOSApp.swift in Sources */ = {isa = PBXBuildFile; fileRef = 67EBFB0D2C1E473900B42D39 /* Simply_Coinflip_iOSApp.swift */; };
		67EBFB102C1E473900B42D39 /* ContentView.swift in Sources */ = {isa = PBXBuildFile; fileRef = 67EBFB0F2C1E473900B42D39 /* ContentView.swift */; };
		67EBFB122C1E473A00B42D39 /* Assets.xcassets in Resources */ = {isa = PBXBuildFile; fileRef = 67EBFB112C1E473A00B42D39 /* Assets.xcassets */; };
		67EBFB152C1E473A00B42D39 /* Preview Assets.xcassets in Resources */ = {isa = PBXBuildFile; fileRef = 67EBFB142C1E473A00B42D39 /* Preview Assets.xcassets */; };
		67EBFB1F2C1E473A00B42D39 /* Simply_Coinflip_iOSTests.swift in Sources */ = {isa = PBXBuildFile; fileRef = 67EBFB1E2C1E473A00B42D39 /* Simply_Coinflip_iOSTests.swift */; };
		67EBFB292C1E473A00B42D39 /* Simply_Coinflip_iOSUITests.swift in Sources */ = {isa = PBXBuildFile; fileRef = 67EBFB282C1E473A00B42D39 /* Simply_Coinflip_iOSUITests.swift */; };
		67EBFB2B2C1E473A00B42D39 /* Simply_Coinflip_iOSUITestsLaunchTests.swift in Sources */ = {isa = PBXBuildFile; fileRef = 67EBFB2A2C1E473A00B42D39 /* Simply_Coinflip_iOSUITestsLaunchTests.swift */; };
		67EBFB3F2C27C41000B42D39 /* CoinflipHome.swift in Sources */ = {isa = PBXBuildFile; fileRef = 67EBFB3E2C27C41000B42D39 /* CoinflipHome.swift */; };
		67EBFB422C27C47700B42D39 /* Coin.swift in Sources */ = {isa = PBXBuildFile; fileRef = 67EBFB412C27C47700B42D39 /* Coin.swift */; };
		67EBFB442C27C48100B42D39 /* CoinflipResult.swift in Sources */ = {isa = PBXBuildFile; fileRef = 67EBFB432C27C48100B42D39 /* CoinflipResult.swift */; };
		67EBFB462C27C48A00B42D39 /* CoinflipStats.swift in Sources */ = {isa = PBXBuildFile; fileRef = 67EBFB452C27C48A00B42D39 /* CoinflipStats.swift */; };
		67EBFB482C2B826900B42D39 /* CoinflipStatsStack.swift in Sources */ = {isa = PBXBuildFile; fileRef = 67EBFB472C2B826900B42D39 /* CoinflipStatsStack.swift */; };
		67EBFB4A2C2B856E00B42D39 /* CoinflipCoin.swift in Sources */ = {isa = PBXBuildFile; fileRef = 67EBFB492C2B856E00B42D39 /* CoinflipCoin.swift */; };
		67EBFB4D2C2E0E1E00B42D39 /* Assets.xcassets in Resources */ = {isa = PBXBuildFile; fileRef = 67EBFB112C1E473A00B42D39 /* Assets.xcassets */; };
		67EBFB4E2C2E0E1E00B42D39 /* CoinflipResult.swift in Sources */ = {isa = PBXBuildFile; fileRef = 67EBFB432C27C48100B42D39 /* CoinflipResult.swift */; };
		67EBFB4F2C2E0E1E00B42D39 /* Simply_Coinflip_iOSApp.swift in Sources */ = {isa = PBXBuildFile; fileRef = 67EBFB0D2C1E473900B42D39 /* Simply_Coinflip_iOSApp.swift */; };
		67EBFB512C2E0E1E00B42D39 /* Coin.swift in Sources */ = {isa = PBXBuildFile; fileRef = 67EBFB412C27C47700B42D39 /* Coin.swift */; };
		67EBFB522C2E0E1E00B42D39 /* CoinflipStats.swift in Sources */ = {isa = PBXBuildFile; fileRef = 67EBFB452C27C48A00B42D39 /* CoinflipStats.swift */; };
		67EBFB5B2C306A9D00B42D39 /* CoinflipCoin.swift in Sources */ = {isa = PBXBuildFile; fileRef = 67EBFB5A2C306A9D00B42D39 /* CoinflipCoin.swift */; };
		67EBFB5D2C306AB000B42D39 /* CoinflipStatsStack.swift in Sources */ = {isa = PBXBuildFile; fileRef = 67EBFB5C2C306AB000B42D39 /* CoinflipStatsStack.swift */; };
		67EBFB5E2C306DA300B42D39 /* CoinflipHome.swift in Sources */ = {isa = PBXBuildFile; fileRef = 67EBFB3E2C27C41000B42D39 /* CoinflipHome.swift */; };
/* End PBXBuildFile section */

/* Begin PBXContainerItemProxy section */
		6740866D2BD080D200EF5F40 /* PBXContainerItemProxy */ = {
			isa = PBXContainerItemProxy;
			containerPortal = 6740865F2BD080D200EF5F40 /* Project object */;
			proxyType = 1;
			remoteGlobalIDString = 6740866A2BD080D200EF5F40;
			remoteInfo = "coinflip Watch App";
		};
		6740867E2BD080D400EF5F40 /* PBXContainerItemProxy */ = {
			isa = PBXContainerItemProxy;
			containerPortal = 6740865F2BD080D200EF5F40 /* Project object */;
			proxyType = 1;
			remoteGlobalIDString = 6740866A2BD080D200EF5F40;
			remoteInfo = "coinflip Watch App";
		};
		674086882BD080D400EF5F40 /* PBXContainerItemProxy */ = {
			isa = PBXContainerItemProxy;
			containerPortal = 6740865F2BD080D200EF5F40 /* Project object */;
			proxyType = 1;
			remoteGlobalIDString = 6740866A2BD080D200EF5F40;
			remoteInfo = "coinflip Watch App";
		};
		67EBFB1B2C1E473A00B42D39 /* PBXContainerItemProxy */ = {
			isa = PBXContainerItemProxy;
			containerPortal = 6740865F2BD080D200EF5F40 /* Project object */;
			proxyType = 1;
			remoteGlobalIDString = 67EBFB0A2C1E473900B42D39;
			remoteInfo = "Simply Coinflip iOS";
		};
		67EBFB252C1E473A00B42D39 /* PBXContainerItemProxy */ = {
			isa = PBXContainerItemProxy;
			containerPortal = 6740865F2BD080D200EF5F40 /* Project object */;
			proxyType = 1;
			remoteGlobalIDString = 67EBFB0A2C1E473900B42D39;
			remoteInfo = "Simply Coinflip iOS";
		};
/* End PBXContainerItemProxy section */

/* Begin PBXCopyFilesBuildPhase section */
		674086942BD080D400EF5F40 /* Embed Watch Content */ = {
			isa = PBXCopyFilesBuildPhase;
			buildActionMask = 2147483647;
			dstPath = "$(CONTENTS_FOLDER_PATH)/Watch";
			dstSubfolderSpec = 16;
			files = (
				6740866C2BD080D200EF5F40 /* Simply Coinflip Watch App.app in Embed Watch Content */,
			);
			name = "Embed Watch Content";
			runOnlyForDeploymentPostprocessing = 0;
		};
/* End PBXCopyFilesBuildPhase section */

/* Begin PBXFileReference section */
		674086652BD080D200EF5F40 /* Simply Coinflip.app */ = {isa = PBXFileReference; explicitFileType = wrapper.application; includeInIndex = 0; path = "Simply Coinflip.app"; sourceTree = BUILT_PRODUCTS_DIR; };
		6740866B2BD080D200EF5F40 /* Simply Coinflip Watch App.app */ = {isa = PBXFileReference; explicitFileType = wrapper.application; includeInIndex = 0; path = "Simply Coinflip Watch App.app"; sourceTree = BUILT_PRODUCTS_DIR; };
		674086722BD080D200EF5F40 /* ContentView.swift */ = {isa = PBXFileReference; lastKnownFileType = sourcecode.swift; path = ContentView.swift; sourceTree = "<group>"; };
		674086772BD080D400EF5F40 /* Preview Assets.xcassets */ = {isa = PBXFileReference; lastKnownFileType = folder.assetcatalog; path = "Preview Assets.xcassets"; sourceTree = "<group>"; };
		6740867D2BD080D400EF5F40 /* Simply Coinflip Watch AppTests.xctest */ = {isa = PBXFileReference; explicitFileType = wrapper.cfbundle; includeInIndex = 0; path = "Simply Coinflip Watch AppTests.xctest"; sourceTree = BUILT_PRODUCTS_DIR; };
		674086812BD080D400EF5F40 /* Simply_Coinflip_Watch_AppTests.swift */ = {isa = PBXFileReference; lastKnownFileType = sourcecode.swift; path = Simply_Coinflip_Watch_AppTests.swift; sourceTree = "<group>"; };
		674086872BD080D400EF5F40 /* Simply Coinflip Watch AppUITests.xctest */ = {isa = PBXFileReference; explicitFileType = wrapper.cfbundle; includeInIndex = 0; path = "Simply Coinflip Watch AppUITests.xctest"; sourceTree = BUILT_PRODUCTS_DIR; };
		6740868B2BD080D400EF5F40 /* Simply_Coinflip_Watch_AppUITests.swift */ = {isa = PBXFileReference; lastKnownFileType = sourcecode.swift; path = Simply_Coinflip_Watch_AppUITests.swift; sourceTree = "<group>"; };
		6740868D2BD080D400EF5F40 /* Simply_Coinflip_Watch_AppUITestsLaunchTests.swift */ = {isa = PBXFileReference; lastKnownFileType = sourcecode.swift; path = Simply_Coinflip_Watch_AppUITestsLaunchTests.swift; sourceTree = "<group>"; };
		6775AF6E2BD32511005BC5B1 /* Simply Coinflip-Watch-App-Info.plist */ = {isa = PBXFileReference; lastKnownFileType = text.plist.xml; path = "Simply Coinflip-Watch-App-Info.plist"; sourceTree = SOURCE_ROOT; };
		6775AF6F2BD427CA005BC5B1 /* .gitignore */ = {isa = PBXFileReference; lastKnownFileType = text; path = .gitignore; sourceTree = "<group>"; };
		67EBFB0B2C1E473900B42D39 /* Simply Coinflip iOS.app */ = {isa = PBXFileReference; explicitFileType = wrapper.application; includeInIndex = 0; path = "Simply Coinflip iOS.app"; sourceTree = BUILT_PRODUCTS_DIR; };
		67EBFB0D2C1E473900B42D39 /* Simply_Coinflip_iOSApp.swift */ = {isa = PBXFileReference; lastKnownFileType = sourcecode.swift; path = Simply_Coinflip_iOSApp.swift; sourceTree = "<group>"; };
		67EBFB0F2C1E473900B42D39 /* ContentView.swift */ = {isa = PBXFileReference; lastKnownFileType = sourcecode.swift; path = ContentView.swift; sourceTree = "<group>"; };
		67EBFB112C1E473A00B42D39 /* Assets.xcassets */ = {isa = PBXFileReference; lastKnownFileType = folder.assetcatalog; path = Assets.xcassets; sourceTree = "<group>"; };
		67EBFB142C1E473A00B42D39 /* Preview Assets.xcassets */ = {isa = PBXFileReference; lastKnownFileType = folder.assetcatalog; path = "Preview Assets.xcassets"; sourceTree = "<group>"; };
		67EBFB1A2C1E473A00B42D39 /* Simply Coinflip iOSTests.xctest */ = {isa = PBXFileReference; explicitFileType = wrapper.cfbundle; includeInIndex = 0; path = "Simply Coinflip iOSTests.xctest"; sourceTree = BUILT_PRODUCTS_DIR; };
		67EBFB1E2C1E473A00B42D39 /* Simply_Coinflip_iOSTests.swift */ = {isa = PBXFileReference; lastKnownFileType = sourcecode.swift; path = Simply_Coinflip_iOSTests.swift; sourceTree = "<group>"; };
		67EBFB242C1E473A00B42D39 /* Simply Coinflip iOSUITests.xctest */ = {isa = PBXFileReference; explicitFileType = wrapper.cfbundle; includeInIndex = 0; path = "Simply Coinflip iOSUITests.xctest"; sourceTree = BUILT_PRODUCTS_DIR; };
		67EBFB282C1E473A00B42D39 /* Simply_Coinflip_iOSUITests.swift */ = {isa = PBXFileReference; lastKnownFileType = sourcecode.swift; path = Simply_Coinflip_iOSUITests.swift; sourceTree = "<group>"; };
		67EBFB2A2C1E473A00B42D39 /* Simply_Coinflip_iOSUITestsLaunchTests.swift */ = {isa = PBXFileReference; lastKnownFileType = sourcecode.swift; path = Simply_Coinflip_iOSUITestsLaunchTests.swift; sourceTree = "<group>"; };
		67EBFB3E2C27C41000B42D39 /* CoinflipHome.swift */ = {isa = PBXFileReference; lastKnownFileType = sourcecode.swift; path = CoinflipHome.swift; sourceTree = "<group>"; };
		67EBFB412C27C47700B42D39 /* Coin.swift */ = {isa = PBXFileReference; lastKnownFileType = sourcecode.swift; path = Coin.swift; sourceTree = "<group>"; };
		67EBFB432C27C48100B42D39 /* CoinflipResult.swift */ = {isa = PBXFileReference; lastKnownFileType = sourcecode.swift; path = CoinflipResult.swift; sourceTree = "<group>"; };
		67EBFB452C27C48A00B42D39 /* CoinflipStats.swift */ = {isa = PBXFileReference; lastKnownFileType = sourcecode.swift; path = CoinflipStats.swift; sourceTree = "<group>"; };
		67EBFB472C2B826900B42D39 /* CoinflipStatsStack.swift */ = {isa = PBXFileReference; fileEncoding = 4; lastKnownFileType = sourcecode.swift; path = CoinflipStatsStack.swift; sourceTree = "<group>"; };
		67EBFB492C2B856E00B42D39 /* CoinflipCoin.swift */ = {isa = PBXFileReference; fileEncoding = 4; lastKnownFileType = sourcecode.swift; path = CoinflipCoin.swift; sourceTree = "<group>"; };
		67EBFB5A2C306A9D00B42D39 /* CoinflipCoin.swift */ = {isa = PBXFileReference; lastKnownFileType = sourcecode.swift; path = CoinflipCoin.swift; sourceTree = "<group>"; };
		67EBFB5C2C306AB000B42D39 /* CoinflipStatsStack.swift */ = {isa = PBXFileReference; lastKnownFileType = sourcecode.swift; path = CoinflipStatsStack.swift; sourceTree = "<group>"; };
/* End PBXFileReference section */

/* Begin PBXFrameworksBuildPhase section */
		674086682BD080D200EF5F40 /* Frameworks */ = {
			isa = PBXFrameworksBuildPhase;
			buildActionMask = 2147483647;
			files = (
			);
			runOnlyForDeploymentPostprocessing = 0;
		};
		6740867A2BD080D400EF5F40 /* Frameworks */ = {
			isa = PBXFrameworksBuildPhase;
			buildActionMask = 2147483647;
			files = (
			);
			runOnlyForDeploymentPostprocessing = 0;
		};
		674086842BD080D400EF5F40 /* Frameworks */ = {
			isa = PBXFrameworksBuildPhase;
			buildActionMask = 2147483647;
			files = (
			);
			runOnlyForDeploymentPostprocessing = 0;
		};
		67EBFB082C1E473900B42D39 /* Frameworks */ = {
			isa = PBXFrameworksBuildPhase;
			buildActionMask = 2147483647;
			files = (
			);
			runOnlyForDeploymentPostprocessing = 0;
		};
		67EBFB172C1E473A00B42D39 /* Frameworks */ = {
			isa = PBXFrameworksBuildPhase;
			buildActionMask = 2147483647;
			files = (
			);
			runOnlyForDeploymentPostprocessing = 0;
		};
		67EBFB212C1E473A00B42D39 /* Frameworks */ = {
			isa = PBXFrameworksBuildPhase;
			buildActionMask = 2147483647;
			files = (
			);
			runOnlyForDeploymentPostprocessing = 0;
		};
/* End PBXFrameworksBuildPhase section */

/* Begin PBXGroup section */
		6740865E2BD080D200EF5F40 = {
			isa = PBXGroup;
			children = (
				6775AF6F2BD427CA005BC5B1 /* .gitignore */,
				6740866F2BD080D200EF5F40 /* Simply Coinflip Watch App */,
				674086802BD080D400EF5F40 /* Simply Coinflip Watch AppTests */,
				6740868A2BD080D400EF5F40 /* Simply Coinflip Watch AppUITests */,
				67EBFB0C2C1E473900B42D39 /* Simply Coinflip iOS */,
				67EBFB1D2C1E473A00B42D39 /* Simply Coinflip iOSTests */,
				67EBFB272C1E473A00B42D39 /* Simply Coinflip iOSUITests */,
				674086662BD080D200EF5F40 /* Products */,
			);
			sourceTree = "<group>";
		};
		674086662BD080D200EF5F40 /* Products */ = {
			isa = PBXGroup;
			children = (
				674086652BD080D200EF5F40 /* Simply Coinflip.app */,
				6740866B2BD080D200EF5F40 /* Simply Coinflip Watch App.app */,
				6740867D2BD080D400EF5F40 /* Simply Coinflip Watch AppTests.xctest */,
				674086872BD080D400EF5F40 /* Simply Coinflip Watch AppUITests.xctest */,
				67EBFB0B2C1E473900B42D39 /* Simply Coinflip iOS.app */,
				67EBFB1A2C1E473A00B42D39 /* Simply Coinflip iOSTests.xctest */,
				67EBFB242C1E473A00B42D39 /* Simply Coinflip iOSUITests.xctest */,
			);
			name = Products;
			sourceTree = "<group>";
		};
		6740866F2BD080D200EF5F40 /* Simply Coinflip Watch App */ = {
			isa = PBXGroup;
			children = (
				67EBFB582C306A1E00B42D39 /* Views */,
				6775AF6E2BD32511005BC5B1 /* Simply Coinflip-Watch-App-Info.plist */,
				674086762BD080D400EF5F40 /* Preview Content */,
			);
			path = "Simply Coinflip Watch App";
			sourceTree = "<group>";
		};
		674086762BD080D400EF5F40 /* Preview Content */ = {
			isa = PBXGroup;
			children = (
				674086772BD080D400EF5F40 /* Preview Assets.xcassets */,
			);
			path = "Preview Content";
			sourceTree = "<group>";
		};
		674086802BD080D400EF5F40 /* Simply Coinflip Watch AppTests */ = {
			isa = PBXGroup;
			children = (
				674086812BD080D400EF5F40 /* Simply_Coinflip_Watch_AppTests.swift */,
			);
			path = "Simply Coinflip Watch AppTests";
			sourceTree = "<group>";
		};
		6740868A2BD080D400EF5F40 /* Simply Coinflip Watch AppUITests */ = {
			isa = PBXGroup;
			children = (
				6740868B2BD080D400EF5F40 /* Simply_Coinflip_Watch_AppUITests.swift */,
				6740868D2BD080D400EF5F40 /* Simply_Coinflip_Watch_AppUITestsLaunchTests.swift */,
			);
			path = "Simply Coinflip Watch AppUITests";
			sourceTree = "<group>";
		};
		67EBFB0C2C1E473900B42D39 /* Simply Coinflip iOS */ = {
			isa = PBXGroup;
			children = (
				67EBFB402C27C46100B42D39 /* Models */,
				67EBFB3C2C27C3FC00B42D39 /* Views */,
				67EBFB0D2C1E473900B42D39 /* Simply_Coinflip_iOSApp.swift */,
				67EBFB112C1E473A00B42D39 /* Assets.xcassets */,
				67EBFB132C1E473A00B42D39 /* Preview Content */,
			);
			path = "Simply Coinflip iOS";
			sourceTree = "<group>";
		};
		67EBFB132C1E473A00B42D39 /* Preview Content */ = {
			isa = PBXGroup;
			children = (
				67EBFB142C1E473A00B42D39 /* Preview Assets.xcassets */,
			);
			path = "Preview Content";
			sourceTree = "<group>";
		};
		67EBFB1D2C1E473A00B42D39 /* Simply Coinflip iOSTests */ = {
			isa = PBXGroup;
			children = (
				67EBFB1E2C1E473A00B42D39 /* Simply_Coinflip_iOSTests.swift */,
			);
			path = "Simply Coinflip iOSTests";
			sourceTree = "<group>";
		};
		67EBFB272C1E473A00B42D39 /* Simply Coinflip iOSUITests */ = {
			isa = PBXGroup;
			children = (
				67EBFB282C1E473A00B42D39 /* Simply_Coinflip_iOSUITests.swift */,
				67EBFB2A2C1E473A00B42D39 /* Simply_Coinflip_iOSUITestsLaunchTests.swift */,
			);
			path = "Simply Coinflip iOSUITests";
			sourceTree = "<group>";
		};
		67EBFB3C2C27C3FC00B42D39 /* Views */ = {
			isa = PBXGroup;
			children = (
				67EBFB0F2C1E473900B42D39 /* ContentView.swift */,
				67EBFB3D2C27C40400B42D39 /* Coinflip */,
			);
			path = Views;
			sourceTree = "<group>";
		};
		67EBFB3D2C27C40400B42D39 /* Coinflip */ = {
			isa = PBXGroup;
			children = (
				67EBFB3E2C27C41000B42D39 /* CoinflipHome.swift */,
				67EBFB492C2B856E00B42D39 /* CoinflipCoin.swift */,
				67EBFB472C2B826900B42D39 /* CoinflipStatsStack.swift */,
			);
			path = Coinflip;
			sourceTree = "<group>";
		};
		67EBFB402C27C46100B42D39 /* Models */ = {
			isa = PBXGroup;
			children = (
				67EBFB412C27C47700B42D39 /* Coin.swift */,
				67EBFB432C27C48100B42D39 /* CoinflipResult.swift */,
				67EBFB452C27C48A00B42D39 /* CoinflipStats.swift */,
			);
			path = Models;
			sourceTree = "<group>";
		};
		67EBFB582C306A1E00B42D39 /* Views */ = {
			isa = PBXGroup;
			children = (
				674086722BD080D200EF5F40 /* ContentView.swift */,
				67EBFB592C306A2C00B42D39 /* Coinflip */,
			);
			path = Views;
			sourceTree = "<group>";
		};
		67EBFB592C306A2C00B42D39 /* Coinflip */ = {
			isa = PBXGroup;
			children = (
				67EBFB5A2C306A9D00B42D39 /* CoinflipCoin.swift */,
				67EBFB5C2C306AB000B42D39 /* CoinflipStatsStack.swift */,
			);
			path = Coinflip;
			sourceTree = "<group>";
		};
/* End PBXGroup section */

/* Begin PBXNativeTarget section */
		674086642BD080D200EF5F40 /* Simply Coinflip */ = {
			isa = PBXNativeTarget;
			buildConfigurationList = 674086952BD080D400EF5F40 /* Build configuration list for PBXNativeTarget "Simply Coinflip" */;
			buildPhases = (
				674086632BD080D200EF5F40 /* Resources */,
				674086942BD080D400EF5F40 /* Embed Watch Content */,
			);
			buildRules = (
			);
			dependencies = (
				6740866E2BD080D200EF5F40 /* PBXTargetDependency */,
			);
			name = "Simply Coinflip";
			productName = coinflip;
			productReference = 674086652BD080D200EF5F40 /* Simply Coinflip.app */;
			productType = "com.apple.product-type.application.watchapp2-container";
		};
		6740866A2BD080D200EF5F40 /* Simply Coinflip Watch App */ = {
			isa = PBXNativeTarget;
			buildConfigurationList = 674086912BD080D400EF5F40 /* Build configuration list for PBXNativeTarget "Simply Coinflip Watch App" */;
			buildPhases = (
				674086672BD080D200EF5F40 /* Sources */,
				674086682BD080D200EF5F40 /* Frameworks */,
				674086692BD080D200EF5F40 /* Resources */,
			);
			buildRules = (
			);
			dependencies = (
			);
			name = "Simply Coinflip Watch App";
			productName = "coinflip Watch App";
			productReference = 6740866B2BD080D200EF5F40 /* Simply Coinflip Watch App.app */;
			productType = "com.apple.product-type.application";
		};
		6740867C2BD080D400EF5F40 /* Simply Coinflip Watch AppTests */ = {
			isa = PBXNativeTarget;
			buildConfigurationList = 674086982BD080D400EF5F40 /* Build configuration list for PBXNativeTarget "Simply Coinflip Watch AppTests" */;
			buildPhases = (
				674086792BD080D400EF5F40 /* Sources */,
				6740867A2BD080D400EF5F40 /* Frameworks */,
				6740867B2BD080D400EF5F40 /* Resources */,
			);
			buildRules = (
			);
			dependencies = (
				6740867F2BD080D400EF5F40 /* PBXTargetDependency */,
			);
			name = "Simply Coinflip Watch AppTests";
			productName = "coinflip Watch AppTests";
			productReference = 6740867D2BD080D400EF5F40 /* Simply Coinflip Watch AppTests.xctest */;
			productType = "com.apple.product-type.bundle.unit-test";
		};
		674086862BD080D400EF5F40 /* Simply Coinflip Watch AppUITests */ = {
			isa = PBXNativeTarget;
			buildConfigurationList = 6740869B2BD080D400EF5F40 /* Build configuration list for PBXNativeTarget "Simply Coinflip Watch AppUITests" */;
			buildPhases = (
				674086832BD080D400EF5F40 /* Sources */,
				674086842BD080D400EF5F40 /* Frameworks */,
				674086852BD080D400EF5F40 /* Resources */,
			);
			buildRules = (
			);
			dependencies = (
				674086892BD080D400EF5F40 /* PBXTargetDependency */,
			);
			name = "Simply Coinflip Watch AppUITests";
			productName = "coinflip Watch AppUITests";
			productReference = 674086872BD080D400EF5F40 /* Simply Coinflip Watch AppUITests.xctest */;
			productType = "com.apple.product-type.bundle.ui-testing";
		};
		67EBFB0A2C1E473900B42D39 /* Simply Coinflip iOS */ = {
			isa = PBXNativeTarget;
			buildConfigurationList = 67EBFB322C1E473A00B42D39 /* Build configuration list for PBXNativeTarget "Simply Coinflip iOS" */;
			buildPhases = (
				67EBFB072C1E473900B42D39 /* Sources */,
				67EBFB082C1E473900B42D39 /* Frameworks */,
				67EBFB092C1E473900B42D39 /* Resources */,
			);
			buildRules = (
			);
			dependencies = (
			);
			name = "Simply Coinflip iOS";
			productName = "Simply Coinflip iOS";
			productReference = 67EBFB0B2C1E473900B42D39 /* Simply Coinflip iOS.app */;
			productType = "com.apple.product-type.application";
		};
		67EBFB192C1E473A00B42D39 /* Simply Coinflip iOSTests */ = {
			isa = PBXNativeTarget;
			buildConfigurationList = 67EBFB332C1E473A00B42D39 /* Build configuration list for PBXNativeTarget "Simply Coinflip iOSTests" */;
			buildPhases = (
				67EBFB162C1E473A00B42D39 /* Sources */,
				67EBFB172C1E473A00B42D39 /* Frameworks */,
				67EBFB182C1E473A00B42D39 /* Resources */,
			);
			buildRules = (
			);
			dependencies = (
				67EBFB1C2C1E473A00B42D39 /* PBXTargetDependency */,
			);
			name = "Simply Coinflip iOSTests";
			productName = "Simply Coinflip iOSTests";
			productReference = 67EBFB1A2C1E473A00B42D39 /* Simply Coinflip iOSTests.xctest */;
			productType = "com.apple.product-type.bundle.unit-test";
		};
		67EBFB232C1E473A00B42D39 /* Simply Coinflip iOSUITests */ = {
			isa = PBXNativeTarget;
			buildConfigurationList = 67EBFB342C1E473A00B42D39 /* Build configuration list for PBXNativeTarget "Simply Coinflip iOSUITests" */;
			buildPhases = (
				67EBFB202C1E473A00B42D39 /* Sources */,
				67EBFB212C1E473A00B42D39 /* Frameworks */,
				67EBFB222C1E473A00B42D39 /* Resources */,
			);
			buildRules = (
			);
			dependencies = (
				67EBFB262C1E473A00B42D39 /* PBXTargetDependency */,
			);
			name = "Simply Coinflip iOSUITests";
			productName = "Simply Coinflip iOSUITests";
			productReference = 67EBFB242C1E473A00B42D39 /* Simply Coinflip iOSUITests.xctest */;
			productType = "com.apple.product-type.bundle.ui-testing";
		};
/* End PBXNativeTarget section */

/* Begin PBXProject section */
		6740865F2BD080D200EF5F40 /* Project object */ = {
			isa = PBXProject;
			attributes = {
				BuildIndependentTargetsInParallel = 1;
				LastSwiftUpdateCheck = 1530;
				LastUpgradeCheck = 1530;
				TargetAttributes = {
					674086642BD080D200EF5F40 = {
						CreatedOnToolsVersion = 15.3;
					};
					6740866A2BD080D200EF5F40 = {
						CreatedOnToolsVersion = 15.3;
					};
					6740867C2BD080D400EF5F40 = {
						CreatedOnToolsVersion = 15.3;
						TestTargetID = 6740866A2BD080D200EF5F40;
					};
					674086862BD080D400EF5F40 = {
						CreatedOnToolsVersion = 15.3;
						TestTargetID = 6740866A2BD080D200EF5F40;
					};
					67EBFB0A2C1E473900B42D39 = {
						CreatedOnToolsVersion = 15.3;
					};
					67EBFB192C1E473A00B42D39 = {
						CreatedOnToolsVersion = 15.3;
						TestTargetID = 67EBFB0A2C1E473900B42D39;
					};
					67EBFB232C1E473A00B42D39 = {
						CreatedOnToolsVersion = 15.3;
						TestTargetID = 67EBFB0A2C1E473900B42D39;
					};
				};
			};
			buildConfigurationList = 674086622BD080D200EF5F40 /* Build configuration list for PBXProject "Simply Coinflip" */;
			compatibilityVersion = "Xcode 14.0";
			developmentRegion = en;
			hasScannedForEncodings = 0;
			knownRegions = (
				en,
				Base,
			);
			mainGroup = 6740865E2BD080D200EF5F40;
			productRefGroup = 674086662BD080D200EF5F40 /* Products */;
			projectDirPath = "";
			projectRoot = "";
			targets = (
				674086642BD080D200EF5F40 /* Simply Coinflip */,
				6740866A2BD080D200EF5F40 /* Simply Coinflip Watch App */,
				6740867C2BD080D400EF5F40 /* Simply Coinflip Watch AppTests */,
				674086862BD080D400EF5F40 /* Simply Coinflip Watch AppUITests */,
				67EBFB0A2C1E473900B42D39 /* Simply Coinflip iOS */,
				67EBFB192C1E473A00B42D39 /* Simply Coinflip iOSTests */,
				67EBFB232C1E473A00B42D39 /* Simply Coinflip iOSUITests */,
			);
		};
/* End PBXProject section */

/* Begin PBXResourcesBuildPhase section */
		674086632BD080D200EF5F40 /* Resources */ = {
			isa = PBXResourcesBuildPhase;
			buildActionMask = 2147483647;
			files = (
				6775AF702BD427CA005BC5B1 /* .gitignore in Resources */,
			);
			runOnlyForDeploymentPostprocessing = 0;
		};
		674086692BD080D200EF5F40 /* Resources */ = {
			isa = PBXResourcesBuildPhase;
			buildActionMask = 2147483647;
			files = (
				67EBFB4D2C2E0E1E00B42D39 /* Assets.xcassets in Resources */,
				674086782BD080D400EF5F40 /* Preview Assets.xcassets in Resources */,
			);
			runOnlyForDeploymentPostprocessing = 0;
		};
		6740867B2BD080D400EF5F40 /* Resources */ = {
			isa = PBXResourcesBuildPhase;
			buildActionMask = 2147483647;
			files = (
			);
			runOnlyForDeploymentPostprocessing = 0;
		};
		674086852BD080D400EF5F40 /* Resources */ = {
			isa = PBXResourcesBuildPhase;
			buildActionMask = 2147483647;
			files = (
			);
			runOnlyForDeploymentPostprocessing = 0;
		};
		67EBFB092C1E473900B42D39 /* Resources */ = {
			isa = PBXResourcesBuildPhase;
			buildActionMask = 2147483647;
			files = (
				67EBFB152C1E473A00B42D39 /* Preview Assets.xcassets in Resources */,
				67EBFB122C1E473A00B42D39 /* Assets.xcassets in Resources */,
			);
			runOnlyForDeploymentPostprocessing = 0;
		};
		67EBFB182C1E473A00B42D39 /* Resources */ = {
			isa = PBXResourcesBuildPhase;
			buildActionMask = 2147483647;
			files = (
			);
			runOnlyForDeploymentPostprocessing = 0;
		};
		67EBFB222C1E473A00B42D39 /* Resources */ = {
			isa = PBXResourcesBuildPhase;
			buildActionMask = 2147483647;
			files = (
			);
			runOnlyForDeploymentPostprocessing = 0;
		};
/* End PBXResourcesBuildPhase section */

/* Begin PBXSourcesBuildPhase section */
		674086672BD080D200EF5F40 /* Sources */ = {
			isa = PBXSourcesBuildPhase;
			buildActionMask = 2147483647;
			files = (
				67EBFB4E2C2E0E1E00B42D39 /* CoinflipResult.swift in Sources */,
				67EBFB4F2C2E0E1E00B42D39 /* Simply_Coinflip_iOSApp.swift in Sources */,
				67EBFB512C2E0E1E00B42D39 /* Coin.swift in Sources */,
				67EBFB5E2C306DA300B42D39 /* CoinflipHome.swift in Sources */,
				67EBFB5D2C306AB000B42D39 /* CoinflipStatsStack.swift in Sources */,
				67EBFB5B2C306A9D00B42D39 /* CoinflipCoin.swift in Sources */,
				67EBFB522C2E0E1E00B42D39 /* CoinflipStats.swift in Sources */,
				674086732BD080D200EF5F40 /* ContentView.swift in Sources */,
			);
			runOnlyForDeploymentPostprocessing = 0;
		};
		674086792BD080D400EF5F40 /* Sources */ = {
			isa = PBXSourcesBuildPhase;
			buildActionMask = 2147483647;
			files = (
				674086822BD080D400EF5F40 /* Simply_Coinflip_Watch_AppTests.swift in Sources */,
			);
			runOnlyForDeploymentPostprocessing = 0;
		};
		674086832BD080D400EF5F40 /* Sources */ = {
			isa = PBXSourcesBuildPhase;
			buildActionMask = 2147483647;
			files = (
				6740868E2BD080D400EF5F40 /* Simply_Coinflip_Watch_AppUITestsLaunchTests.swift in Sources */,
				6740868C2BD080D400EF5F40 /* Simply_Coinflip_Watch_AppUITests.swift in Sources */,
			);
			runOnlyForDeploymentPostprocessing = 0;
		};
		67EBFB072C1E473900B42D39 /* Sources */ = {
			isa = PBXSourcesBuildPhase;
			buildActionMask = 2147483647;
			files = (
				67EBFB102C1E473900B42D39 /* ContentView.swift in Sources */,
				67EBFB442C27C48100B42D39 /* CoinflipResult.swift in Sources */,
				67EBFB4A2C2B856E00B42D39 /* CoinflipCoin.swift in Sources */,
				67EBFB3F2C27C41000B42D39 /* CoinflipHome.swift in Sources */,
				67EBFB422C27C47700B42D39 /* Coin.swift in Sources */,
				67EBFB482C2B826900B42D39 /* CoinflipStatsStack.swift in Sources */,
				67EBFB0E2C1E473900B42D39 /* Simply_Coinflip_iOSApp.swift in Sources */,
				67EBFB462C27C48A00B42D39 /* CoinflipStats.swift in Sources */,
			);
			runOnlyForDeploymentPostprocessing = 0;
		};
		67EBFB162C1E473A00B42D39 /* Sources */ = {
			isa = PBXSourcesBuildPhase;
			buildActionMask = 2147483647;
			files = (
				67EBFB1F2C1E473A00B42D39 /* Simply_Coinflip_iOSTests.swift in Sources */,
			);
			runOnlyForDeploymentPostprocessing = 0;
		};
		67EBFB202C1E473A00B42D39 /* Sources */ = {
			isa = PBXSourcesBuildPhase;
			buildActionMask = 2147483647;
			files = (
				67EBFB2B2C1E473A00B42D39 /* Simply_Coinflip_iOSUITestsLaunchTests.swift in Sources */,
				67EBFB292C1E473A00B42D39 /* Simply_Coinflip_iOSUITests.swift in Sources */,
			);
			runOnlyForDeploymentPostprocessing = 0;
		};
/* End PBXSourcesBuildPhase section */

/* Begin PBXTargetDependency section */
		6740866E2BD080D200EF5F40 /* PBXTargetDependency */ = {
			isa = PBXTargetDependency;
			target = 6740866A2BD080D200EF5F40 /* Simply Coinflip Watch App */;
			targetProxy = 6740866D2BD080D200EF5F40 /* PBXContainerItemProxy */;
		};
		6740867F2BD080D400EF5F40 /* PBXTargetDependency */ = {
			isa = PBXTargetDependency;
			target = 6740866A2BD080D200EF5F40 /* Simply Coinflip Watch App */;
			targetProxy = 6740867E2BD080D400EF5F40 /* PBXContainerItemProxy */;
		};
		674086892BD080D400EF5F40 /* PBXTargetDependency */ = {
			isa = PBXTargetDependency;
			target = 6740866A2BD080D200EF5F40 /* Simply Coinflip Watch App */;
			targetProxy = 674086882BD080D400EF5F40 /* PBXContainerItemProxy */;
		};
		67EBFB1C2C1E473A00B42D39 /* PBXTargetDependency */ = {
			isa = PBXTargetDependency;
			target = 67EBFB0A2C1E473900B42D39 /* Simply Coinflip iOS */;
			targetProxy = 67EBFB1B2C1E473A00B42D39 /* PBXContainerItemProxy */;
		};
		67EBFB262C1E473A00B42D39 /* PBXTargetDependency */ = {
			isa = PBXTargetDependency;
			target = 67EBFB0A2C1E473900B42D39 /* Simply Coinflip iOS */;
			targetProxy = 67EBFB252C1E473A00B42D39 /* PBXContainerItemProxy */;
		};
/* End PBXTargetDependency section */

/* Begin XCBuildConfiguration section */
		6740868F2BD080D400EF5F40 /* Debug */ = {
			isa = XCBuildConfiguration;
			buildSettings = {
				ALWAYS_SEARCH_USER_PATHS = NO;
				ASSETCATALOG_COMPILER_GENERATE_SWIFT_ASSET_SYMBOL_EXTENSIONS = YES;
				CLANG_ANALYZER_NONNULL = YES;
				CLANG_ANALYZER_NUMBER_OBJECT_CONVERSION = YES_AGGRESSIVE;
				CLANG_CXX_LANGUAGE_STANDARD = "gnu++20";
				CLANG_ENABLE_MODULES = YES;
				CLANG_ENABLE_OBJC_ARC = YES;
				CLANG_ENABLE_OBJC_WEAK = YES;
				CLANG_WARN_BLOCK_CAPTURE_AUTORELEASING = YES;
				CLANG_WARN_BOOL_CONVERSION = YES;
				CLANG_WARN_COMMA = YES;
				CLANG_WARN_CONSTANT_CONVERSION = YES;
				CLANG_WARN_DEPRECATED_OBJC_IMPLEMENTATIONS = YES;
				CLANG_WARN_DIRECT_OBJC_ISA_USAGE = YES_ERROR;
				CLANG_WARN_DOCUMENTATION_COMMENTS = YES;
				CLANG_WARN_EMPTY_BODY = YES;
				CLANG_WARN_ENUM_CONVERSION = YES;
				CLANG_WARN_INFINITE_RECURSION = YES;
				CLANG_WARN_INT_CONVERSION = YES;
				CLANG_WARN_NON_LITERAL_NULL_CONVERSION = YES;
				CLANG_WARN_OBJC_IMPLICIT_RETAIN_SELF = YES;
				CLANG_WARN_OBJC_LITERAL_CONVERSION = YES;
				CLANG_WARN_OBJC_ROOT_CLASS = YES_ERROR;
				CLANG_WARN_QUOTED_INCLUDE_IN_FRAMEWORK_HEADER = YES;
				CLANG_WARN_RANGE_LOOP_ANALYSIS = YES;
				CLANG_WARN_STRICT_PROTOTYPES = YES;
				CLANG_WARN_SUSPICIOUS_MOVE = YES;
				CLANG_WARN_UNGUARDED_AVAILABILITY = YES_AGGRESSIVE;
				CLANG_WARN_UNREACHABLE_CODE = YES;
				CLANG_WARN__DUPLICATE_METHOD_MATCH = YES;
				COPY_PHASE_STRIP = NO;
				DEBUG_INFORMATION_FORMAT = dwarf;
				ENABLE_STRICT_OBJC_MSGSEND = YES;
				ENABLE_TESTABILITY = YES;
				ENABLE_USER_SCRIPT_SANDBOXING = YES;
				GCC_C_LANGUAGE_STANDARD = gnu17;
				GCC_DYNAMIC_NO_PIC = NO;
				GCC_NO_COMMON_BLOCKS = YES;
				GCC_OPTIMIZATION_LEVEL = 0;
				GCC_PREPROCESSOR_DEFINITIONS = (
					"DEBUG=1",
					"$(inherited)",
				);
				GCC_WARN_64_TO_32_BIT_CONVERSION = YES;
				GCC_WARN_ABOUT_RETURN_TYPE = YES_ERROR;
				GCC_WARN_UNDECLARED_SELECTOR = YES;
				GCC_WARN_UNINITIALIZED_AUTOS = YES_AGGRESSIVE;
				GCC_WARN_UNUSED_FUNCTION = YES;
				GCC_WARN_UNUSED_VARIABLE = YES;
				LOCALIZATION_PREFERS_STRING_CATALOGS = YES;
				MTL_ENABLE_DEBUG_INFO = INCLUDE_SOURCE;
				MTL_FAST_MATH = YES;
				ONLY_ACTIVE_ARCH = YES;
				SWIFT_ACTIVE_COMPILATION_CONDITIONS = "DEBUG $(inherited)";
				SWIFT_OPTIMIZATION_LEVEL = "-Onone";
			};
			name = Debug;
		};
		674086902BD080D400EF5F40 /* Release */ = {
			isa = XCBuildConfiguration;
			buildSettings = {
				ALWAYS_SEARCH_USER_PATHS = NO;
				ASSETCATALOG_COMPILER_GENERATE_SWIFT_ASSET_SYMBOL_EXTENSIONS = YES;
				CLANG_ANALYZER_NONNULL = YES;
				CLANG_ANALYZER_NUMBER_OBJECT_CONVERSION = YES_AGGRESSIVE;
				CLANG_CXX_LANGUAGE_STANDARD = "gnu++20";
				CLANG_ENABLE_MODULES = YES;
				CLANG_ENABLE_OBJC_ARC = YES;
				CLANG_ENABLE_OBJC_WEAK = YES;
				CLANG_WARN_BLOCK_CAPTURE_AUTORELEASING = YES;
				CLANG_WARN_BOOL_CONVERSION = YES;
				CLANG_WARN_COMMA = YES;
				CLANG_WARN_CONSTANT_CONVERSION = YES;
				CLANG_WARN_DEPRECATED_OBJC_IMPLEMENTATIONS = YES;
				CLANG_WARN_DIRECT_OBJC_ISA_USAGE = YES_ERROR;
				CLANG_WARN_DOCUMENTATION_COMMENTS = YES;
				CLANG_WARN_EMPTY_BODY = YES;
				CLANG_WARN_ENUM_CONVERSION = YES;
				CLANG_WARN_INFINITE_RECURSION = YES;
				CLANG_WARN_INT_CONVERSION = YES;
				CLANG_WARN_NON_LITERAL_NULL_CONVERSION = YES;
				CLANG_WARN_OBJC_IMPLICIT_RETAIN_SELF = YES;
				CLANG_WARN_OBJC_LITERAL_CONVERSION = YES;
				CLANG_WARN_OBJC_ROOT_CLASS = YES_ERROR;
				CLANG_WARN_QUOTED_INCLUDE_IN_FRAMEWORK_HEADER = YES;
				CLANG_WARN_RANGE_LOOP_ANALYSIS = YES;
				CLANG_WARN_STRICT_PROTOTYPES = YES;
				CLANG_WARN_SUSPICIOUS_MOVE = YES;
				CLANG_WARN_UNGUARDED_AVAILABILITY = YES_AGGRESSIVE;
				CLANG_WARN_UNREACHABLE_CODE = YES;
				CLANG_WARN__DUPLICATE_METHOD_MATCH = YES;
				COPY_PHASE_STRIP = NO;
				DEBUG_INFORMATION_FORMAT = "dwarf-with-dsym";
				ENABLE_NS_ASSERTIONS = NO;
				ENABLE_STRICT_OBJC_MSGSEND = YES;
				ENABLE_USER_SCRIPT_SANDBOXING = YES;
				GCC_C_LANGUAGE_STANDARD = gnu17;
				GCC_NO_COMMON_BLOCKS = YES;
				GCC_WARN_64_TO_32_BIT_CONVERSION = YES;
				GCC_WARN_ABOUT_RETURN_TYPE = YES_ERROR;
				GCC_WARN_UNDECLARED_SELECTOR = YES;
				GCC_WARN_UNINITIALIZED_AUTOS = YES_AGGRESSIVE;
				GCC_WARN_UNUSED_FUNCTION = YES;
				GCC_WARN_UNUSED_VARIABLE = YES;
				LOCALIZATION_PREFERS_STRING_CATALOGS = YES;
				MTL_ENABLE_DEBUG_INFO = NO;
				MTL_FAST_MATH = YES;
				SWIFT_COMPILATION_MODE = wholemodule;
			};
			name = Release;
		};
		674086922BD080D400EF5F40 /* Debug */ = {
			isa = XCBuildConfiguration;
			buildSettings = {
				ASSETCATALOG_COMPILER_APPICON_NAME = AppIcon;
				ASSETCATALOG_COMPILER_GLOBAL_ACCENT_COLOR_NAME = AccentColor;
				CODE_SIGN_IDENTITY = "Apple Development";
				CODE_SIGN_STYLE = Automatic;
				CURRENT_PROJECT_VERSION = 1;
				DEVELOPMENT_ASSET_PATHS = "\"Simply Coinflip Watch App/Preview Content\"";
				DEVELOPMENT_TEAM = 45BFR3YKH6;
				ENABLE_PREVIEWS = YES;
				GENERATE_INFOPLIST_FILE = YES;
				INFOPLIST_FILE = "Simply Coinflip-Watch-App-Info.plist";
				INFOPLIST_KEY_CFBundleDisplayName = "Simply Coinflip";
				INFOPLIST_KEY_UISupportedInterfaceOrientations = "UIInterfaceOrientationPortrait UIInterfaceOrientationPortraitUpsideDown";
				INFOPLIST_KEY_WKWatchOnly = YES;
				LD_RUNPATH_SEARCH_PATHS = (
					"$(inherited)",
					"@executable_path/Frameworks",
				);
				MARKETING_VERSION = 1.0;
				PRODUCT_BUNDLE_IDENTIFIER = simplesoftworks.simplycoinflip.watchkitapp;
				PRODUCT_NAME = "$(TARGET_NAME)";
				PROVISIONING_PROFILE_SPECIFIER = "";
				SDKROOT = watchos;
				SKIP_INSTALL = YES;
				SWIFT_EMIT_LOC_STRINGS = YES;
				SWIFT_VERSION = 5.0;
				TARGETED_DEVICE_FAMILY = 4;
				WATCHOS_DEPLOYMENT_TARGET = 10.4;
			};
			name = Debug;
		};
		674086932BD080D400EF5F40 /* Release */ = {
			isa = XCBuildConfiguration;
			buildSettings = {
				ASSETCATALOG_COMPILER_APPICON_NAME = AppIcon;
				ASSETCATALOG_COMPILER_GLOBAL_ACCENT_COLOR_NAME = AccentColor;
				CODE_SIGN_IDENTITY = "Apple Development";
				CODE_SIGN_STYLE = Automatic;
				CURRENT_PROJECT_VERSION = 1;
				DEVELOPMENT_ASSET_PATHS = "\"Simply Coinflip Watch App/Preview Content\"";
				DEVELOPMENT_TEAM = 45BFR3YKH6;
				ENABLE_PREVIEWS = YES;
				GENERATE_INFOPLIST_FILE = YES;
				INFOPLIST_FILE = "Simply Coinflip-Watch-App-Info.plist";
				INFOPLIST_KEY_CFBundleDisplayName = "Simply Coinflip";
				INFOPLIST_KEY_UISupportedInterfaceOrientations = "UIInterfaceOrientationPortrait UIInterfaceOrientationPortraitUpsideDown";
				INFOPLIST_KEY_WKWatchOnly = YES;
				LD_RUNPATH_SEARCH_PATHS = (
					"$(inherited)",
					"@executable_path/Frameworks",
				);
				MARKETING_VERSION = 1.0;
				PRODUCT_BUNDLE_IDENTIFIER = simplesoftworks.simplycoinflip.watchkitapp;
				PRODUCT_NAME = "$(TARGET_NAME)";
				PROVISIONING_PROFILE_SPECIFIER = "";
				SDKROOT = watchos;
				SKIP_INSTALL = YES;
				SWIFT_EMIT_LOC_STRINGS = YES;
				SWIFT_VERSION = 5.0;
				TARGETED_DEVICE_FAMILY = 4;
				VALIDATE_PRODUCT = YES;
				WATCHOS_DEPLOYMENT_TARGET = 10.4;
			};
			name = Release;
		};
		674086962BD080D400EF5F40 /* Debug */ = {
			isa = XCBuildConfiguration;
			buildSettings = {
				ALWAYS_EMBED_SWIFT_STANDARD_LIBRARIES = YES;
				CODE_SIGN_STYLE = Automatic;
				CURRENT_PROJECT_VERSION = 1;
				DEVELOPMENT_TEAM = 45BFR3YKH6;
				INFOPLIST_KEY_CFBundleDisplayName = "Simply Coinflip";
				MARKETING_VERSION = 1.0;
				PRODUCT_BUNDLE_IDENTIFIER = simplesoftworks.simplycoinflip;
				PRODUCT_NAME = "$(TARGET_NAME)";
				SDKROOT = iphoneos;
				SUPPORTED_PLATFORMS = "iphoneos iphonesimulator";
				SUPPORTS_MACCATALYST = NO;
				SWIFT_VERSION = 5.0;
				TARGETED_DEVICE_FAMILY = 1;
			};
			name = Debug;
		};
		674086972BD080D400EF5F40 /* Release */ = {
			isa = XCBuildConfiguration;
			buildSettings = {
				ALWAYS_EMBED_SWIFT_STANDARD_LIBRARIES = YES;
				CODE_SIGN_STYLE = Automatic;
				CURRENT_PROJECT_VERSION = 1;
				DEVELOPMENT_TEAM = 45BFR3YKH6;
				INFOPLIST_KEY_CFBundleDisplayName = "Simply Coinflip";
				MARKETING_VERSION = 1.0;
				PRODUCT_BUNDLE_IDENTIFIER = simplesoftworks.simplycoinflip;
				PRODUCT_NAME = "$(TARGET_NAME)";
				SDKROOT = iphoneos;
				SUPPORTED_PLATFORMS = "iphoneos iphonesimulator";
				SUPPORTS_MACCATALYST = NO;
				SWIFT_VERSION = 5.0;
				TARGETED_DEVICE_FAMILY = 1;
				VALIDATE_PRODUCT = YES;
			};
			name = Release;
		};
		674086992BD080D400EF5F40 /* Debug */ = {
			isa = XCBuildConfiguration;
			buildSettings = {
				ALWAYS_EMBED_SWIFT_STANDARD_LIBRARIES = YES;
				BUNDLE_LOADER = "$(TEST_HOST)";
				CODE_SIGN_STYLE = Automatic;
				CURRENT_PROJECT_VERSION = 1;
				DEVELOPMENT_TEAM = 45BFR3YKH6;
				GENERATE_INFOPLIST_FILE = YES;
				MARKETING_VERSION = 1.0;
				PRODUCT_BUNDLE_IDENTIFIER = "simplesoftworks.simplycoinflip-Watch-AppTests";
				PRODUCT_NAME = "$(TARGET_NAME)";
				SDKROOT = watchos;
				SWIFT_EMIT_LOC_STRINGS = NO;
				SWIFT_VERSION = 5.0;
				TARGETED_DEVICE_FAMILY = 4;
				TEST_HOST = "$(BUILT_PRODUCTS_DIR)/Simply Coinflip Watch App.app/$(BUNDLE_EXECUTABLE_FOLDER_PATH)/Simply Coinflip Watch App";
				WATCHOS_DEPLOYMENT_TARGET = 10.4;
			};
			name = Debug;
		};
		6740869A2BD080D400EF5F40 /* Release */ = {
			isa = XCBuildConfiguration;
			buildSettings = {
				ALWAYS_EMBED_SWIFT_STANDARD_LIBRARIES = YES;
				BUNDLE_LOADER = "$(TEST_HOST)";
				CODE_SIGN_STYLE = Automatic;
				CURRENT_PROJECT_VERSION = 1;
				DEVELOPMENT_TEAM = 45BFR3YKH6;
				GENERATE_INFOPLIST_FILE = YES;
				MARKETING_VERSION = 1.0;
				PRODUCT_BUNDLE_IDENTIFIER = "simplesoftworks.simplycoinflip-Watch-AppTests";
				PRODUCT_NAME = "$(TARGET_NAME)";
				SDKROOT = watchos;
				SWIFT_EMIT_LOC_STRINGS = NO;
				SWIFT_VERSION = 5.0;
				TARGETED_DEVICE_FAMILY = 4;
				TEST_HOST = "$(BUILT_PRODUCTS_DIR)/Simply Coinflip Watch App.app/$(BUNDLE_EXECUTABLE_FOLDER_PATH)/Simply Coinflip Watch App";
				VALIDATE_PRODUCT = YES;
				WATCHOS_DEPLOYMENT_TARGET = 10.4;
			};
			name = Release;
		};
		6740869C2BD080D400EF5F40 /* Debug */ = {
			isa = XCBuildConfiguration;
			buildSettings = {
				ALWAYS_EMBED_SWIFT_STANDARD_LIBRARIES = YES;
				CODE_SIGN_STYLE = Automatic;
				CURRENT_PROJECT_VERSION = 1;
				DEVELOPMENT_TEAM = 45BFR3YKH6;
				GENERATE_INFOPLIST_FILE = YES;
				MARKETING_VERSION = 1.0;
				PRODUCT_BUNDLE_IDENTIFIER = "simplesoftworks.simplycoinflip-Watch-AppUITests";
				PRODUCT_NAME = "$(TARGET_NAME)";
				SDKROOT = watchos;
				SWIFT_EMIT_LOC_STRINGS = NO;
				SWIFT_VERSION = 5.0;
				TARGETED_DEVICE_FAMILY = 4;
				TEST_TARGET_NAME = "Simply Coinflip Watch App";
				WATCHOS_DEPLOYMENT_TARGET = 10.4;
			};
			name = Debug;
		};
		6740869D2BD080D400EF5F40 /* Release */ = {
			isa = XCBuildConfiguration;
			buildSettings = {
				ALWAYS_EMBED_SWIFT_STANDARD_LIBRARIES = YES;
				CODE_SIGN_STYLE = Automatic;
				CURRENT_PROJECT_VERSION = 1;
				DEVELOPMENT_TEAM = 45BFR3YKH6;
				GENERATE_INFOPLIST_FILE = YES;
				MARKETING_VERSION = 1.0;
				PRODUCT_BUNDLE_IDENTIFIER = "simplesoftworks.simplycoinflip-Watch-AppUITests";
				PRODUCT_NAME = "$(TARGET_NAME)";
				SDKROOT = watchos;
				SWIFT_EMIT_LOC_STRINGS = NO;
				SWIFT_VERSION = 5.0;
				TARGETED_DEVICE_FAMILY = 4;
				TEST_TARGET_NAME = "Simply Coinflip Watch App";
				VALIDATE_PRODUCT = YES;
				WATCHOS_DEPLOYMENT_TARGET = 10.4;
			};
			name = Release;
		};
		67EBFB2C2C1E473A00B42D39 /* Debug */ = {
			isa = XCBuildConfiguration;
			buildSettings = {
				ASSETCATALOG_COMPILER_APPICON_NAME = AppIcon;
				ASSETCATALOG_COMPILER_GLOBAL_ACCENT_COLOR_NAME = AccentColor;
				ASSETCATALOG_COMPILER_INCLUDE_ALL_APPICON_ASSETS = NO;
				CODE_SIGN_STYLE = Automatic;
				CURRENT_PROJECT_VERSION = 1;
				DEVELOPMENT_ASSET_PATHS = "\"Simply Coinflip iOS/Preview Content\"";
				DEVELOPMENT_TEAM = 45BFR3YKH6;
				ENABLE_PREVIEWS = YES;
				GENERATE_INFOPLIST_FILE = YES;
				INFOPLIST_KEY_CFBundleDisplayName = "Simply Coinflip";
				INFOPLIST_KEY_LSApplicationCategoryType = "public.app-category.utilities";
				INFOPLIST_KEY_UIApplicationSceneManifest_Generation = YES;
				INFOPLIST_KEY_UIApplicationSupportsIndirectInputEvents = YES;
				INFOPLIST_KEY_UILaunchScreen_Generation = YES;
				INFOPLIST_KEY_UISupportedInterfaceOrientations_iPad = "UIInterfaceOrientationPortrait UIInterfaceOrientationPortraitUpsideDown UIInterfaceOrientationLandscapeLeft UIInterfaceOrientationLandscapeRight";
				INFOPLIST_KEY_UISupportedInterfaceOrientations_iPhone = "UIInterfaceOrientationPortrait UIInterfaceOrientationLandscapeLeft UIInterfaceOrientationLandscapeRight";
				IPHONEOS_DEPLOYMENT_TARGET = 17.4;
				LD_RUNPATH_SEARCH_PATHS = (
					"$(inherited)",
					"@executable_path/Frameworks",
				);
				MARKETING_VERSION = 1.0;
				PRODUCT_BUNDLE_IDENTIFIER = "simplesoftworks.Simply-Coinflip-iOS";
				PRODUCT_NAME = "$(TARGET_NAME)";
				SDKROOT = iphoneos;
				SWIFT_EMIT_LOC_STRINGS = YES;
				SWIFT_VERSION = 5.0;
				TARGETED_DEVICE_FAMILY = "1,2";
			};
			name = Debug;
		};
		67EBFB2D2C1E473A00B42D39 /* Release */ = {
			isa = XCBuildConfiguration;
			buildSettings = {
				ASSETCATALOG_COMPILER_APPICON_NAME = AppIcon;
				ASSETCATALOG_COMPILER_GLOBAL_ACCENT_COLOR_NAME = AccentColor;
				ASSETCATALOG_COMPILER_INCLUDE_ALL_APPICON_ASSETS = NO;
				CODE_SIGN_STYLE = Automatic;
				CURRENT_PROJECT_VERSION = 1;
				DEVELOPMENT_ASSET_PATHS = "\"Simply Coinflip iOS/Preview Content\"";
				DEVELOPMENT_TEAM = 45BFR3YKH6;
				ENABLE_PREVIEWS = YES;
				GENERATE_INFOPLIST_FILE = YES;
				INFOPLIST_KEY_CFBundleDisplayName = "Simply Coinflip";
				INFOPLIST_KEY_LSApplicationCategoryType = "public.app-category.utilities";
				INFOPLIST_KEY_UIApplicationSceneManifest_Generation = YES;
				INFOPLIST_KEY_UIApplicationSupportsIndirectInputEvents = YES;
				INFOPLIST_KEY_UILaunchScreen_Generation = YES;
				INFOPLIST_KEY_UISupportedInterfaceOrientations_iPad = "UIInterfaceOrientationPortrait UIInterfaceOrientationPortraitUpsideDown UIInterfaceOrientationLandscapeLeft UIInterfaceOrientationLandscapeRight";
				INFOPLIST_KEY_UISupportedInterfaceOrientations_iPhone = "UIInterfaceOrientationPortrait UIInterfaceOrientationLandscapeLeft UIInterfaceOrientationLandscapeRight";
				IPHONEOS_DEPLOYMENT_TARGET = 17.4;
				LD_RUNPATH_SEARCH_PATHS = (
					"$(inherited)",
					"@executable_path/Frameworks",
				);
				MARKETING_VERSION = 1.0;
				PRODUCT_BUNDLE_IDENTIFIER = "simplesoftworks.Simply-Coinflip-iOS";
				PRODUCT_NAME = "$(TARGET_NAME)";
				SDKROOT = iphoneos;
				SWIFT_EMIT_LOC_STRINGS = YES;
				SWIFT_VERSION = 5.0;
				TARGETED_DEVICE_FAMILY = "1,2";
				VALIDATE_PRODUCT = YES;
			};
			name = Release;
		};
		67EBFB2E2C1E473A00B42D39 /* Debug */ = {
			isa = XCBuildConfiguration;
			buildSettings = {
				ALWAYS_EMBED_SWIFT_STANDARD_LIBRARIES = YES;
				BUNDLE_LOADER = "$(TEST_HOST)";
				CODE_SIGN_STYLE = Automatic;
				CURRENT_PROJECT_VERSION = 1;
				GENERATE_INFOPLIST_FILE = YES;
				IPHONEOS_DEPLOYMENT_TARGET = 17.4;
				MARKETING_VERSION = 1.0;
				PRODUCT_BUNDLE_IDENTIFIER = "simplesoftworks.Simply-Coinflip-iOSTests";
				PRODUCT_NAME = "$(TARGET_NAME)";
				SDKROOT = iphoneos;
				SWIFT_EMIT_LOC_STRINGS = NO;
				SWIFT_VERSION = 5.0;
				TARGETED_DEVICE_FAMILY = "1,2";
				TEST_HOST = "$(BUILT_PRODUCTS_DIR)/Simply Coinflip iOS.app/$(BUNDLE_EXECUTABLE_FOLDER_PATH)/Simply Coinflip iOS";
			};
			name = Debug;
		};
		67EBFB2F2C1E473A00B42D39 /* Release */ = {
			isa = XCBuildConfiguration;
			buildSettings = {
				ALWAYS_EMBED_SWIFT_STANDARD_LIBRARIES = YES;
				BUNDLE_LOADER = "$(TEST_HOST)";
				CODE_SIGN_STYLE = Automatic;
				CURRENT_PROJECT_VERSION = 1;
				GENERATE_INFOPLIST_FILE = YES;
				IPHONEOS_DEPLOYMENT_TARGET = 17.4;
				MARKETING_VERSION = 1.0;
				PRODUCT_BUNDLE_IDENTIFIER = "simplesoftworks.Simply-Coinflip-iOSTests";
				PRODUCT_NAME = "$(TARGET_NAME)";
				SDKROOT = iphoneos;
				SWIFT_EMIT_LOC_STRINGS = NO;
				SWIFT_VERSION = 5.0;
				TARGETED_DEVICE_FAMILY = "1,2";
				TEST_HOST = "$(BUILT_PRODUCTS_DIR)/Simply Coinflip iOS.app/$(BUNDLE_EXECUTABLE_FOLDER_PATH)/Simply Coinflip iOS";
				VALIDATE_PRODUCT = YES;
			};
			name = Release;
		};
		67EBFB302C1E473A00B42D39 /* Debug */ = {
			isa = XCBuildConfiguration;
			buildSettings = {
				ALWAYS_EMBED_SWIFT_STANDARD_LIBRARIES = YES;
				CODE_SIGN_STYLE = Automatic;
				CURRENT_PROJECT_VERSION = 1;
				GENERATE_INFOPLIST_FILE = YES;
				IPHONEOS_DEPLOYMENT_TARGET = 17.4;
				MARKETING_VERSION = 1.0;
				PRODUCT_BUNDLE_IDENTIFIER = "simplesoftworks.Simply-Coinflip-iOSUITests";
				PRODUCT_NAME = "$(TARGET_NAME)";
				SDKROOT = iphoneos;
				SWIFT_EMIT_LOC_STRINGS = NO;
				SWIFT_VERSION = 5.0;
				TARGETED_DEVICE_FAMILY = "1,2";
				TEST_TARGET_NAME = "Simply Coinflip iOS";
			};
			name = Debug;
		};
		67EBFB312C1E473A00B42D39 /* Release */ = {
			isa = XCBuildConfiguration;
			buildSettings = {
				ALWAYS_EMBED_SWIFT_STANDARD_LIBRARIES = YES;
				CODE_SIGN_STYLE = Automatic;
				CURRENT_PROJECT_VERSION = 1;
				GENERATE_INFOPLIST_FILE = YES;
				IPHONEOS_DEPLOYMENT_TARGET = 17.4;
				MARKETING_VERSION = 1.0;
				PRODUCT_BUNDLE_IDENTIFIER = "simplesoftworks.Simply-Coinflip-iOSUITests";
				PRODUCT_NAME = "$(TARGET_NAME)";
				SDKROOT = iphoneos;
				SWIFT_EMIT_LOC_STRINGS = NO;
				SWIFT_VERSION = 5.0;
				TARGETED_DEVICE_FAMILY = "1,2";
				TEST_TARGET_NAME = "Simply Coinflip iOS";
				VALIDATE_PRODUCT = YES;
			};
			name = Release;
		};
/* End XCBuildConfiguration section */

/* Begin XCConfigurationList section */
		674086622BD080D200EF5F40 /* Build configuration list for PBXProject "Simply Coinflip" */ = {
			isa = XCConfigurationList;
			buildConfigurations = (
				6740868F2BD080D400EF5F40 /* Debug */,
				674086902BD080D400EF5F40 /* Release */,
			);
			defaultConfigurationIsVisible = 0;
			defaultConfigurationName = Release;
		};
		674086912BD080D400EF5F40 /* Build configuration list for PBXNativeTarget "Simply Coinflip Watch App" */ = {
			isa = XCConfigurationList;
			buildConfigurations = (
				674086922BD080D400EF5F40 /* Debug */,
				674086932BD080D400EF5F40 /* Release */,
			);
			defaultConfigurationIsVisible = 0;
			defaultConfigurationName = Release;
		};
		674086952BD080D400EF5F40 /* Build configuration list for PBXNativeTarget "Simply Coinflip" */ = {
			isa = XCConfigurationList;
			buildConfigurations = (
				674086962BD080D400EF5F40 /* Debug */,
				674086972BD080D400EF5F40 /* Release */,
			);
			defaultConfigurationIsVisible = 0;
			defaultConfigurationName = Release;
		};
		674086982BD080D400EF5F40 /* Build configuration list for PBXNativeTarget "Simply Coinflip Watch AppTests" */ = {
			isa = XCConfigurationList;
			buildConfigurations = (
				674086992BD080D400EF5F40 /* Debug */,
				6740869A2BD080D400EF5F40 /* Release */,
			);
			defaultConfigurationIsVisible = 0;
			defaultConfigurationName = Release;
		};
		6740869B2BD080D400EF5F40 /* Build configuration list for PBXNativeTarget "Simply Coinflip Watch AppUITests" */ = {
			isa = XCConfigurationList;
			buildConfigurations = (
				6740869C2BD080D400EF5F40 /* Debug */,
				6740869D2BD080D400EF5F40 /* Release */,
			);
			defaultConfigurationIsVisible = 0;
			defaultConfigurationName = Release;
		};
		67EBFB322C1E473A00B42D39 /* Build configuration list for PBXNativeTarget "Simply Coinflip iOS" */ = {
			isa = XCConfigurationList;
			buildConfigurations = (
				67EBFB2C2C1E473A00B42D39 /* Debug */,
				67EBFB2D2C1E473A00B42D39 /* Release */,
			);
			defaultConfigurationIsVisible = 0;
			defaultConfigurationName = Release;
		};
		67EBFB332C1E473A00B42D39 /* Build configuration list for PBXNativeTarget "Simply Coinflip iOSTests" */ = {
			isa = XCConfigurationList;
			buildConfigurations = (
				67EBFB2E2C1E473A00B42D39 /* Debug */,
				67EBFB2F2C1E473A00B42D39 /* Release */,
			);
			defaultConfigurationIsVisible = 0;
			defaultConfigurationName = Release;
		};
		67EBFB342C1E473A00B42D39 /* Build configuration list for PBXNativeTarget "Simply Coinflip iOSUITests" */ = {
			isa = XCConfigurationList;
			buildConfigurations = (
				67EBFB302C1E473A00B42D39 /* Debug */,
				67EBFB312C1E473A00B42D39 /* Release */,
			);
			defaultConfigurationIsVisible = 0;
			defaultConfigurationName = Release;
		};
/* End XCConfigurationList section */
	};
	rootObject = 6740865F2BD080D200EF5F40 /* Project object */;
}
